
Microsoft Visual Studio Solution File, Format Version 12.00
# Visual Studio Version 16
VisualStudioVersion = 16.0.30320.27
MinimumVisualStudioVersion = 10.0.40219.1
Project("{9A19103F-16F7-4668-BE54-9A1E7A4F7556}") = "UploadSales", "UploadSales.csproj", "{F7B3AE76-3D7D-4547-AAC5-31E528B41DDA}"
EndProject
Global
	GlobalSection(SolutionConfigurationPlatforms) = preSolution
		Debug|Any CPU = Debug|Any CPU
		Release|Any CPU = Release|Any CPU
	EndGlobalSection
	GlobalSection(ProjectConfigurationPlatforms) = postSolution
		{F7B3AE76-3D7D-4547-AAC5-31E528B41DDA}.Debug|Any CPU.ActiveCfg = Debug|Any CPU
		{F7B3AE76-3D7D-4547-AAC5-31E528B41DDA}.Debug|Any CPU.Build.0 = Debug|Any CPU
		{F7B3AE76-3D7D-4547-AAC5-31E528B41DDA}.Release|Any CPU.ActiveCfg = Release|Any CPU
		{F7B3AE76-3D7D-4547-AAC5-31E528B41DDA}.Release|Any CPU.Build.0 = Release|Any CPU
	EndGlobalSection
	GlobalSection(SolutionProperties) = preSolution
		HideSolutionNode = FALSE
	EndGlobalSection
	GlobalSection(ExtensibilityGlobals) = postSolution
		SolutionGuid = {7744641A-AE4B-4FB3-9026-4AC058322534}
	EndGlobalSection
EndGlobal
